
Microsoft Visual Studio Solution File, Format Version 12.00
# Visual Studio Version 17
VisualStudioVersion = 17.4.33213.308
MinimumVisualStudioVersion = 10.0.40219.1
Project("{FAE04EC0-301F-11D3-BF4B-00C04F79EFBC}") = "AmchiDukaanInventoryService", "AmchiDukaanInventoryService.csproj", "{50691ED3-36DD-4897-99AE-B897F18492C6}"
EndProject
Global
	GlobalSection(SolutionConfigurationPlatforms) = preSolution
		Debug|Any CPU = Debug|Any CPU
		Release|Any CPU = Release|Any CPU
	EndGlobalSection
	GlobalSection(ProjectConfigurationPlatforms) = postSolution
		{50691ED3-36DD-4897-99AE-B897F18492C6}.Debug|Any CPU.ActiveCfg = Debug|Any CPU
		{50691ED3-36DD-4897-99AE-B897F18492C6}.Debug|Any CPU.Build.0 = Debug|Any CPU
		{50691ED3-36DD-4897-99AE-B897F18492C6}.Release|Any CPU.ActiveCfg = Release|Any CPU
		{50691ED3-36DD-4897-99AE-B897F18492C6}.Release|Any CPU.Build.0 = Release|Any CPU
	EndGlobalSection
	GlobalSection(SolutionProperties) = preSolution
		HideSolutionNode = FALSE
	EndGlobalSection
	GlobalSection(ExtensibilityGlobals) = postSolution
		SolutionGuid = {A5F70135-B694-4C2C-938D-48E7A9B888F3}
	EndGlobalSection
EndGlobal
